{
    "_meta": {
        "hash": {
            "sha256": "e4aa20924e0d741a763c6f96f11c1c94cdc118776d402be2846b1fa60c871396"
        },
        "pipfile-spec": 6,
        "requires": {
            "python_version": "3.9"
        },
        "sources": [
            {
                "name": "pypi",
                "url": "https://pypi.org/simple",
                "verify_ssl": true
            }
        ]
    },
    "default": {
        "mpmath": {
            "hashes": [
                "sha256:604bc21bd22d2322a177c73bdb573994ef76e62edd595d17e00aff24b0667e5c",
                "sha256:79ffb45cf9f4b101a807595bcb3e72e0396202e0b1d25d689134b48c4216a81a"
            ],
            "version": "==1.2.1"
        },
        "sympy": {
            "hashes": [
                "sha256:5939eeffdf9e152172601463626c022a2c27e75cf6278de8d401d50c9d58787b",
                "sha256:df75d738930f6fe9ebe7034e59d56698f29e85f443f743e51e47df0caccc2130"
            ],
            "index": "pypi",
            "version": "==1.10.1"
        }
    },
    "develop": {
        "altgraph": {
            "hashes": [
                "sha256:743628f2ac6a7c26f5d9223c91ed8ecbba535f506f4b6f558885a8a56a105857",
                "sha256:ebf2269361b47d97b3b88e696439f6e4cbc607c17c51feb1754f90fb79839158"
            ],
            "version": "==0.17.2"
        },
        "autopep8": {
            "hashes": [
                "sha256:44f0932855039d2c15c4510d6df665e4730f2b8582704fa48f9c55bd3e17d979",
                "sha256:ed77137193bbac52d029a52c59bec1b0629b5a186c495f1eb21b126ac466083f"
            ],
            "index": "pypi",
            "version": "==1.6.0"
        },
        "macholib": {
            "hashes": [
                "sha256:001bf281279b986a66d7821790d734e61150d52f40c080899df8fefae056e9f7",
                "sha256:5a0742b587e6e57bfade1ab90651d4877185bf66fd4a176a488116de36878229"
            ],
            "markers": "sys_platform == 'darwin'",
            "version": "==1.16"
        },
        "pycodestyle": {
            "hashes": [
                "sha256:720f8b39dde8b293825e7ff02c475f3077124006db4f440dcbc9a20b76548a20",
                "sha256:eddd5847ef438ea1c7870ca7eb78a9d47ce0cdb4851a5523949f2601d0cbbe7f"
            ],
            "markers": "python_version >= '2.7' and python_version not in '3.0, 3.1, 3.2, 3.3, 3.4'",
            "version": "==2.8.0"
        },
        "pyinstaller": {
            "hashes": [
                "sha256:05c21117b84199272ebd355b556af4714f6e79245e1c435d6f16653786d7d17e",
                "sha256:0dcaf6557cdb2da763c46e06e95a94a7634ab03fb09d91bc77988b01ee05c907",
                "sha256:15557cd1a79d182967f0a5040750e6902e13ebd6cab41e3ed84d7b28a306357b",
                "sha256:581620bdcd32f01e89b13231256b807bb090e7eadf40c81c864ec402afa4758a",
                "sha256:70c71e827f4b34602cbc7a0947a067b662c1cbdc4db51832e13b97cca3c54dd7",
                "sha256:714c4dcc319a41416744d1e30c6317405dfaed80d2adc45f8bfa70dc7367e664",
                "sha256:7749c868d2e2dc84df7d6f65437226183c8a366f3a99bb2737785625c3a3cca1",
                "sha256:7d94518ba1f8e9a8577345312276891ad7d6cd9785e453e9951b35647e2c7078",
                "sha256:cfed0b3a43e73550a43a094610328109564710b9514afa093ef7199d072cae87",
                "sha256:d4f79c0a774451f12baca4e476376418f011fa3039dde8fd172ea2aa8ff67bad",
                "sha256:f2166ff2cd95eefb0d377ae8d1071f186fa25edd410ede65b376162d5ec41909"
            ],
            "index": "pypi",
            "version": "==4.10"
        },
        "pyinstaller-hooks-contrib": {
            "hashes": [
                "sha256:9765e68552803327d58f6c5eca970bb245b7cdf073e2f912a2a3cb50360bc2d8",
                "sha256:9fa4ca03d058cba676c3cc16005076ce6a529f144c08b87c69998625fbd84e0a"
            ],
            "markers": "python_version >= '3.7'",
            "version": "==2022.3"
        },
        "setuptools": {
            "hashes": [
                "sha256:8f4813dd6a4d6cc17bde85fb2e635fe19763f96efbb0ddf5575562e5ee0bc47a",
                "sha256:c3d4e2ab578fbf83775755cd76dae73627915a22832cf4ea5de895978767833b"
            ],
            "markers": "python_version >= '3.7'",
            "version": "==61.2.0"
        },
        "toml": {
            "hashes": [
                "sha256:806143ae5bfb6a3c6e736a764057db0e6a0e05e338b5630894a5f779cabb4f9b",
                "sha256:b3bda1d108d5dd99f4a20d24d9c348e91c4db7ab1b749200bded2f839ccbe68f"
            ],
            "markers": "python_version >= '2.6' and python_version not in '3.0, 3.1, 3.2, 3.3'",
            "version": "==0.10.2"
        }
    }
}
